
Microsoft Visual Studio Solution File, Format Version 12.00
# Visual Studio Version 16
VisualStudioVersion = 16.0.29201.188
MinimumVisualStudioVersion = 10.0.40219.1
Project("{888888A0-9F3D-457C-B088-3A5042F75D52}") = "PythonHomework2", "PythonHomework2.pyproj", "{543EC1AA-71F0-49F6-A32B-927E4DADA99D}"
EndProject
Global
	GlobalSection(SolutionConfigurationPlatforms) = preSolution
		Debug|Any CPU = Debug|Any CPU
		Release|Any CPU = Release|Any CPU
	EndGlobalSection
	GlobalSection(ProjectConfigurationPlatforms) = postSolution
		{543EC1AA-71F0-49F6-A32B-927E4DADA99D}.Debug|Any CPU.ActiveCfg = Debug|Any CPU
		{543EC1AA-71F0-49F6-A32B-927E4DADA99D}.Release|Any CPU.ActiveCfg = Release|Any CPU
	EndGlobalSection
	GlobalSection(SolutionProperties) = preSolution
		HideSolutionNode = FALSE
	EndGlobalSection
	GlobalSection(ExtensibilityGlobals) = postSolution
		SolutionGuid = {6D5942E7-5647-4C21-A029-C121E8F08B54}
	EndGlobalSection
EndGlobal
