
Microsoft Visual Studio Solution File, Format Version 12.00
# Visual Studio Version 16
VisualStudioVersion = 16.0.29201.188
MinimumVisualStudioVersion = 10.0.40219.1
Project("{888888A0-9F3D-457C-B088-3A5042F75D52}") = "PythonHomework1", "PythonHomework1.pyproj", "{919F7BC1-B174-4804-9C2F-EFF55905225D}"
EndProject
Global
	GlobalSection(SolutionConfigurationPlatforms) = preSolution
		Debug|Any CPU = Debug|Any CPU
		Release|Any CPU = Release|Any CPU
	EndGlobalSection
	GlobalSection(ProjectConfigurationPlatforms) = postSolution
		{919F7BC1-B174-4804-9C2F-EFF55905225D}.Debug|Any CPU.ActiveCfg = Debug|Any CPU
		{919F7BC1-B174-4804-9C2F-EFF55905225D}.Release|Any CPU.ActiveCfg = Release|Any CPU
	EndGlobalSection
	GlobalSection(SolutionProperties) = preSolution
		HideSolutionNode = FALSE
	EndGlobalSection
	GlobalSection(ExtensibilityGlobals) = postSolution
		SolutionGuid = {2F52AD07-5309-4AFB-A7BD-F026EC2795EE}
	EndGlobalSection
EndGlobal
