
Microsoft Visual Studio Solution File, Format Version 12.00
# Visual Studio Version 16
VisualStudioVersion = 16.0.29201.188
MinimumVisualStudioVersion = 10.0.40219.1
Project("{888888A0-9F3D-457C-B088-3A5042F75D52}") = "PythonHomework6", "PythonHomework6.pyproj", "{67822746-DD31-4267-9BD2-CDA6992209A5}"
EndProject
Global
	GlobalSection(SolutionConfigurationPlatforms) = preSolution
		Debug|Any CPU = Debug|Any CPU
		Release|Any CPU = Release|Any CPU
	EndGlobalSection
	GlobalSection(ProjectConfigurationPlatforms) = postSolution
		{67822746-DD31-4267-9BD2-CDA6992209A5}.Debug|Any CPU.ActiveCfg = Debug|Any CPU
		{67822746-DD31-4267-9BD2-CDA6992209A5}.Release|Any CPU.ActiveCfg = Release|Any CPU
	EndGlobalSection
	GlobalSection(SolutionProperties) = preSolution
		HideSolutionNode = FALSE
	EndGlobalSection
	GlobalSection(ExtensibilityGlobals) = postSolution
		SolutionGuid = {6BCA5D7A-0242-4F02-B3AF-2440D576A825}
	EndGlobalSection
EndGlobal
