
Microsoft Visual Studio Solution File, Format Version 12.00
# Visual Studio Version 16
VisualStudioVersion = 16.0.29201.188
MinimumVisualStudioVersion = 10.0.40219.1
Project("{888888A0-9F3D-457C-B088-3A5042F75D52}") = "PythonHomework7", "PythonHomework7.pyproj", "{FBA5236E-1ED9-424E-8EDC-1250CF321CF8}"
EndProject
Global
	GlobalSection(SolutionConfigurationPlatforms) = preSolution
		Debug|Any CPU = Debug|Any CPU
		Release|Any CPU = Release|Any CPU
	EndGlobalSection
	GlobalSection(ProjectConfigurationPlatforms) = postSolution
		{FBA5236E-1ED9-424E-8EDC-1250CF321CF8}.Debug|Any CPU.ActiveCfg = Debug|Any CPU
		{FBA5236E-1ED9-424E-8EDC-1250CF321CF8}.Release|Any CPU.ActiveCfg = Release|Any CPU
	EndGlobalSection
	GlobalSection(SolutionProperties) = preSolution
		HideSolutionNode = FALSE
	EndGlobalSection
	GlobalSection(ExtensibilityGlobals) = postSolution
		SolutionGuid = {D8CB4F01-990E-4F8C-9F6E-3BAD7626B1BB}
	EndGlobalSection
EndGlobal
